
Microsoft Visual Studio Solution File, Format Version 12.00
# Visual Studio Version 16
VisualStudioVersion = 16.0.30104.148
MinimumVisualStudioVersion = 10.0.40219.1
Project("{FAE04EC0-301F-11D3-BF4B-00C04F79EFBC}") = "WindowsFormsProject", "WindowsFormsProject\WindowsFormsProject.csproj", "{394FDD86-8220-4439-A2C7-36F31B0D6B1B}"
EndProject
Global
	GlobalSection(SolutionConfigurationPlatforms) = preSolution
		Debug|Any CPU = Debug|Any CPU
		Release|Any CPU = Release|Any CPU
	EndGlobalSection
	GlobalSection(ProjectConfigurationPlatforms) = postSolution
		{394FDD86-8220-4439-A2C7-36F31B0D6B1B}.Debug|Any CPU.ActiveCfg = Debug|Any CPU
		{394FDD86-8220-4439-A2C7-36F31B0D6B1B}.Debug|Any CPU.Build.0 = Debug|Any CPU
		{394FDD86-8220-4439-A2C7-36F31B0D6B1B}.Release|Any CPU.ActiveCfg = Release|Any CPU
		{394FDD86-8220-4439-A2C7-36F31B0D6B1B}.Release|Any CPU.Build.0 = Release|Any CPU
	EndGlobalSection
	GlobalSection(SolutionProperties) = preSolution
		HideSolutionNode = FALSE
	EndGlobalSection
	GlobalSection(ExtensibilityGlobals) = postSolution
		SolutionGuid = {441B85BA-BA83-4497-8948-AF540D48AF02}
	EndGlobalSection
EndGlobal
